
Microsoft Visual Studio Solution File, Format Version 12.00
# Visual Studio 15
VisualStudioVersion = 15.0.27703.2042
MinimumVisualStudioVersion = 10.0.40219.1
Project("{FAE04EC0-301F-11D3-BF4B-00C04F79EFBC}") = "SyntheseImage", "SyntheseImage.csproj", "{5943E197-A3FD-459F-9DFB-1E5C0F04D5F2}"
EndProject
Global
	GlobalSection(SolutionConfigurationPlatforms) = preSolution
		Debug|Any CPU = Debug|Any CPU
		Release|Any CPU = Release|Any CPU
	EndGlobalSection
	GlobalSection(ProjectConfigurationPlatforms) = postSolution
		{5943E197-A3FD-459F-9DFB-1E5C0F04D5F2}.Debug|Any CPU.ActiveCfg = Debug|Any CPU
		{5943E197-A3FD-459F-9DFB-1E5C0F04D5F2}.Debug|Any CPU.Build.0 = Debug|Any CPU
		{5943E197-A3FD-459F-9DFB-1E5C0F04D5F2}.Release|Any CPU.ActiveCfg = Release|Any CPU
		{5943E197-A3FD-459F-9DFB-1E5C0F04D5F2}.Release|Any CPU.Build.0 = Release|Any CPU
	EndGlobalSection
	GlobalSection(SolutionProperties) = preSolution
		HideSolutionNode = FALSE
	EndGlobalSection
	GlobalSection(ExtensibilityGlobals) = postSolution
		SolutionGuid = {2F980AFF-C2FD-4390-B5A9-200963F9FD77}
	EndGlobalSection
EndGlobal
